
Microsoft Visual Studio Solution File, Format Version 12.00
# Visual Studio Version 16
VisualStudioVersion = 16.0.29215.179
MinimumVisualStudioVersion = 10.0.40219.1
Project("{FAE04EC0-301F-11D3-BF4B-00C04F79EFBC}") = "Figures_ConsoleApp", "Figures_ConsoleApp\Figures_ConsoleApp.csproj", "{39E9A5FD-CDB2-4D2A-8EE8-8A971D6F8A99}"
EndProject
Project("{FAE04EC0-301F-11D3-BF4B-00C04F79EFBC}") = "Figure_ClassLibrary", "Figure_ClassLibrary\Figure_ClassLibrary.csproj", "{1F9AE8CA-C48B-4C42-9ED7-2B1A24163171}"
EndProject
Global
	GlobalSection(SolutionConfigurationPlatforms) = preSolution
		Debug|Any CPU = Debug|Any CPU
		Release|Any CPU = Release|Any CPU
	EndGlobalSection
	GlobalSection(ProjectConfigurationPlatforms) = postSolution
		{39E9A5FD-CDB2-4D2A-8EE8-8A971D6F8A99}.Debug|Any CPU.ActiveCfg = Debug|Any CPU
		{39E9A5FD-CDB2-4D2A-8EE8-8A971D6F8A99}.Debug|Any CPU.Build.0 = Debug|Any CPU
		{39E9A5FD-CDB2-4D2A-8EE8-8A971D6F8A99}.Release|Any CPU.ActiveCfg = Release|Any CPU
		{39E9A5FD-CDB2-4D2A-8EE8-8A971D6F8A99}.Release|Any CPU.Build.0 = Release|Any CPU
		{1F9AE8CA-C48B-4C42-9ED7-2B1A24163171}.Debug|Any CPU.ActiveCfg = Debug|Any CPU
		{1F9AE8CA-C48B-4C42-9ED7-2B1A24163171}.Debug|Any CPU.Build.0 = Debug|Any CPU
		{1F9AE8CA-C48B-4C42-9ED7-2B1A24163171}.Release|Any CPU.ActiveCfg = Release|Any CPU
		{1F9AE8CA-C48B-4C42-9ED7-2B1A24163171}.Release|Any CPU.Build.0 = Release|Any CPU
	EndGlobalSection
	GlobalSection(SolutionProperties) = preSolution
		HideSolutionNode = FALSE
	EndGlobalSection
	GlobalSection(ExtensibilityGlobals) = postSolution
		SolutionGuid = {13E941E6-578B-4541-9BEF-C1221060C6CC}
	EndGlobalSection
EndGlobal
